
Microsoft Visual Studio Solution File, Format Version 12.00
# Visual Studio Version 17
VisualStudioVersion = 17.7.34024.191
MinimumVisualStudioVersion = 10.0.40219.1
Project("{FAE04EC0-301F-11D3-BF4B-00C04F79EFBC}") = "WPF_HW1", "WPF_HW1\WPF_HW1.csproj", "{63A025B3-6525-4A08-9D00-15277EB3A9AB}"
EndProject
Global
	GlobalSection(SolutionConfigurationPlatforms) = preSolution
		Debug|Any CPU = Debug|Any CPU
		Release|Any CPU = Release|Any CPU
	EndGlobalSection
	GlobalSection(ProjectConfigurationPlatforms) = postSolution
		{63A025B3-6525-4A08-9D00-15277EB3A9AB}.Debug|Any CPU.ActiveCfg = Debug|Any CPU
		{63A025B3-6525-4A08-9D00-15277EB3A9AB}.Debug|Any CPU.Build.0 = Debug|Any CPU
		{63A025B3-6525-4A08-9D00-15277EB3A9AB}.Release|Any CPU.ActiveCfg = Release|Any CPU
		{63A025B3-6525-4A08-9D00-15277EB3A9AB}.Release|Any CPU.Build.0 = Release|Any CPU
	EndGlobalSection
	GlobalSection(SolutionProperties) = preSolution
		HideSolutionNode = FALSE
	EndGlobalSection
	GlobalSection(ExtensibilityGlobals) = postSolution
		SolutionGuid = {C1288CCD-4B29-4AF5-93DB-BB83E6F988F1}
	EndGlobalSection
EndGlobal
